// !$*UTF8*$!
{
	archiveVersion = 1;
	classes = {
	};
	objectVersion = 54;
	objects = {

/* Begin PBXBuildFile section */
		0C80B921A6F3F58F76C31292 /* libPods-DonationApp.a in Frameworks */ = {isa = PBXBuildFile; fileRef = 5DCACB8F33CDC322A6C60F78 /* libPods-DonationApp.a */; };
		13B07FBF1A68108700A75B9A /* Images.xcassets in Resources */ = {isa = PBXBuildFile; fileRef = 13B07FB51A68108700A75B9A /* Images.xcassets */; };
		761780ED2CA45674006654EE /* AppDelegate.swift in Sources */ = {isa = PBXBuildFile; fileRef = 761780EC2CA45674006654EE /* AppDelegate.swift */; };
		81AB9BB82411601600AC10FF /* LaunchScreen.storyboard in Resources */ = {isa = PBXBuildFile; fileRef = 81AB9BB72411601600AC10FF /* LaunchScreen.storyboard */; };
		FD334D69F66C10500916BD14 /* PrivacyInfo.xcprivacy in Resources */ = {isa = PBXBuildFile; fileRef = 13B07FB81A68108700A75B9A /* PrivacyInfo.xcprivacy */; };
		876C24DFC60D4D89BAA52583 /* Inter_28pt-LightItalic.ttf in Resources */ = {isa = PBXBuildFile; fileRef = 7A172C72B2714FA7B815BE24 /* Inter_28pt-LightItalic.ttf */; };
		74B3C840555D47988318C804 /* Inter_18pt-ExtraBoldItalic.ttf in Resources */ = {isa = PBXBuildFile; fileRef = 3D0205FC43E442B08ABBE2B0 /* Inter_18pt-ExtraBoldItalic.ttf */; };
		2690D978E71446BAB994521C /* Inter_24pt-Medium.ttf in Resources */ = {isa = PBXBuildFile; fileRef = F3139B1688B448F9803C0E5E /* Inter_24pt-Medium.ttf */; };
		6E38E9CC0ABB47CA8528D41E /* Inter_28pt-ExtraLightItalic.ttf in Resources */ = {isa = PBXBuildFile; fileRef = 62D6191304234909A9DCDC4D /* Inter_28pt-ExtraLightItalic.ttf */; };
		2E643848549041D8BDE81967 /* Inter_28pt-Bold.ttf in Resources */ = {isa = PBXBuildFile; fileRef = 858E1AAA8A9B4E82A800F7A5 /* Inter_28pt-Bold.ttf */; };
		D7CF96FD7A1F460ABC04FE61 /* Inter_28pt-ExtraLight.ttf in Resources */ = {isa = PBXBuildFile; fileRef = AF93075831D94945B3AAB411 /* Inter_28pt-ExtraLight.ttf */; };
		65DC6D754D6D4B9CBA880287 /* Inter_28pt-Thin.ttf in Resources */ = {isa = PBXBuildFile; fileRef = 27E74D8B81E54EDD86417BBE /* Inter_28pt-Thin.ttf */; };
		FD34C50A96AA4296BE832D0E /* Inter_28pt-ThinItalic.ttf in Resources */ = {isa = PBXBuildFile; fileRef = ABE1836A37AA4E4C94295E5C /* Inter_28pt-ThinItalic.ttf */; };
		51B36D0CCF1D44EB9AF84963 /* Inter_24pt-ExtraBold.ttf in Resources */ = {isa = PBXBuildFile; fileRef = CD09B5106FA74E0BAA99DBF9 /* Inter_24pt-ExtraBold.ttf */; };
		726F520B7EF04DED8CD90043 /* Inter_24pt-SemiBold.ttf in Resources */ = {isa = PBXBuildFile; fileRef = E4E639CA41134E6EB682D49F /* Inter_24pt-SemiBold.ttf */; };
		997E5A9AABFF48978D2F47F0 /* Inter_28pt-BoldItalic.ttf in Resources */ = {isa = PBXBuildFile; fileRef = EB825A11FB9E4ED48EF3707F /* Inter_28pt-BoldItalic.ttf */; };
		41C3DD1A28A246AAAFB5609C /* Inter_24pt-Regular.ttf in Resources */ = {isa = PBXBuildFile; fileRef = 7B39B04333A24AE9942383C0 /* Inter_24pt-Regular.ttf */; };
		1334B5C8C13E482CA3BBEC0C /* Inter_28pt-ExtraBoldItalic.ttf in Resources */ = {isa = PBXBuildFile; fileRef = 08621C56D0BB4D618A6FAD2D /* Inter_28pt-ExtraBoldItalic.ttf */; };
		8521A1A8655D4E5A82BE127E /* Inter_18pt-LightItalic.ttf in Resources */ = {isa = PBXBuildFile; fileRef = A3F5061D563144E3884FB206 /* Inter_18pt-LightItalic.ttf */; };
		D7D1A883EE854AAC8BEC5D73 /* Inter_18pt-ExtraLight.ttf in Resources */ = {isa = PBXBuildFile; fileRef = 898CB3A344934A499B61C1FA /* Inter_18pt-ExtraLight.ttf */; };
		4FD9409BA9EC4CA7B4968CDB /* Inter_18pt-ThinItalic.ttf in Resources */ = {isa = PBXBuildFile; fileRef = D7332C5E0C774C179F52CB96 /* Inter_18pt-ThinItalic.ttf */; };
		4B8A7884DA494FEC9C7CFA9E /* Inter_18pt-ExtraBold.ttf in Resources */ = {isa = PBXBuildFile; fileRef = 4AF03ADF5E974960BCBCC5B5 /* Inter_18pt-ExtraBold.ttf */; };
		A649F542F238451EA09FF0D0 /* Inter_18pt-BoldItalic.ttf in Resources */ = {isa = PBXBuildFile; fileRef = F094BF7A1BE14F8A840D650C /* Inter_18pt-BoldItalic.ttf */; };
		1DB260D0FBEF423D9970D1E3 /* Inter_28pt-Light.ttf in Resources */ = {isa = PBXBuildFile; fileRef = DC9893DA022142A5BE6DE3EC /* Inter_28pt-Light.ttf */; };
		7C195EE5D6424A21A368A7C5 /* Inter_18pt-Thin.ttf in Resources */ = {isa = PBXBuildFile; fileRef = F434FB0EE12D4EE49CA4E5D4 /* Inter_18pt-Thin.ttf */; };
		F5B507BB8B5049B2A6D56BE5 /* Inter_28pt-Medium.ttf in Resources */ = {isa = PBXBuildFile; fileRef = 9385FBF4041F4D21AA398164 /* Inter_28pt-Medium.ttf */; };
		05493E36248C453EA0621AAE /* Inter_18pt-BlackItalic.ttf in Resources */ = {isa = PBXBuildFile; fileRef = E8622113D01147C9A0FC68A9 /* Inter_18pt-BlackItalic.ttf */; };
		E40155CB975A4CCABE0D39B2 /* Inter_28pt-BlackItalic.ttf in Resources */ = {isa = PBXBuildFile; fileRef = B83E167308924D76BAB096BF /* Inter_28pt-BlackItalic.ttf */; };
		76F56F3249F04CD087B14088 /* Inter_18pt-Bold.ttf in Resources */ = {isa = PBXBuildFile; fileRef = F70649881481464C994971E8 /* Inter_18pt-Bold.ttf */; };
		A70A32D297AF438AAC356069 /* Inter_18pt-ExtraLightItalic.ttf in Resources */ = {isa = PBXBuildFile; fileRef = 5F7F9222469F4889B453D0A1 /* Inter_18pt-ExtraLightItalic.ttf */; };
		26AAC4DB5C0642EC9CF5BA7C /* Inter_18pt-Medium.ttf in Resources */ = {isa = PBXBuildFile; fileRef = 7B94F29218E44CC69BA841A4 /* Inter_18pt-Medium.ttf */; };
		F3C4CC4F3F6D4236A1708317 /* Inter_24pt-ExtraLightItalic.ttf in Resources */ = {isa = PBXBuildFile; fileRef = 14BB7D25150A443D90F02610 /* Inter_24pt-ExtraLightItalic.ttf */; };
		2A54C2997FAF4B11B02CC6CE /* Inter_18pt-Black.ttf in Resources */ = {isa = PBXBuildFile; fileRef = A8754F4CB71A49639009A6B9 /* Inter_18pt-Black.ttf */; };
		DEE4D3D2878840B18B082AC0 /* Inter_24pt-Light.ttf in Resources */ = {isa = PBXBuildFile; fileRef = 7797E3618F9C4B99A823DAC8 /* Inter_24pt-Light.ttf */; };
		6FD7E70E260F48069AD58223 /* Inter_28pt-SemiBoldItalic.ttf in Resources */ = {isa = PBXBuildFile; fileRef = 1C4CCB79D3B844BE81010781 /* Inter_28pt-SemiBoldItalic.ttf */; };
		23E728AFE921477080AFA08C /* Inter_24pt-ExtraBoldItalic.ttf in Resources */ = {isa = PBXBuildFile; fileRef = D21EA472430C467BB0BCE0B7 /* Inter_24pt-ExtraBoldItalic.ttf */; };
		2CF3B589240B41D08034A6C9 /* Inter_24pt-MediumItalic.ttf in Resources */ = {isa = PBXBuildFile; fileRef = 443D2A8D7B1346029913A108 /* Inter_24pt-MediumItalic.ttf */; };
		4530D1CF316D4612BC5DF795 /* Inter_28pt-SemiBold.ttf in Resources */ = {isa = PBXBuildFile; fileRef = FAB0110828CB4B75AEB39B9F /* Inter_28pt-SemiBold.ttf */; };
		4F95754D98E84D8D8B4C53FD /* Inter_18pt-MediumItalic.ttf in Resources */ = {isa = PBXBuildFile; fileRef = 96B2C4D489314BDB8293FC34 /* Inter_18pt-MediumItalic.ttf */; };
		7D0BC3776D09473E8CCF80F1 /* Inter_24pt-BlackItalic.ttf in Resources */ = {isa = PBXBuildFile; fileRef = 87F2A492376C4931AFCBF61B /* Inter_24pt-BlackItalic.ttf */; };
		44C09449AC7E4AA489BE602D /* Inter_28pt-Italic.ttf in Resources */ = {isa = PBXBuildFile; fileRef = 5E84ADD5EF0B4FE78D97001E /* Inter_28pt-Italic.ttf */; };
		4B610B191B6B434D940FE2AD /* Inter_24pt-Thin.ttf in Resources */ = {isa = PBXBuildFile; fileRef = 0E43A100735441899AB4DF14 /* Inter_24pt-Thin.ttf */; };
		954B641B51CA40DF8AE39E45 /* Inter_24pt-SemiBoldItalic.ttf in Resources */ = {isa = PBXBuildFile; fileRef = 6714FDEA8D9341F5A9E4AA03 /* Inter_24pt-SemiBoldItalic.ttf */; };
		344DF12C1B3041E4AE8665FF /* Inter_24pt-Black.ttf in Resources */ = {isa = PBXBuildFile; fileRef = E9BF8DE0D2FA4140AAD16AC0 /* Inter_24pt-Black.ttf */; };
		FCCF02A3B38B4442964C3384 /* Inter_18pt-Light.ttf in Resources */ = {isa = PBXBuildFile; fileRef = FF42117F98144248B65CE74F /* Inter_18pt-Light.ttf */; };
		476DFB34F3A3438F827A0955 /* Inter_28pt-Regular.ttf in Resources */ = {isa = PBXBuildFile; fileRef = B05759356F5643B7A299C590 /* Inter_28pt-Regular.ttf */; };
		D3B8578DF3AA44B59F4610B1 /* Inter_28pt-MediumItalic.ttf in Resources */ = {isa = PBXBuildFile; fileRef = A9A673A687BA48E5BB2319F1 /* Inter_28pt-MediumItalic.ttf */; };
		38990097FD19445E88B5469A /* Inter_28pt-ExtraBold.ttf in Resources */ = {isa = PBXBuildFile; fileRef = 0E6F4829556E4A1980B0DA66 /* Inter_28pt-ExtraBold.ttf */; };
		F2C82753D7F541F380FFF1D9 /* Inter_24pt-Bold.ttf in Resources */ = {isa = PBXBuildFile; fileRef = AB33B0286DAF4FEAAE43A625 /* Inter_24pt-Bold.ttf */; };
		98786E4BDBE440778A3308E4 /* Inter_18pt-Italic.ttf in Resources */ = {isa = PBXBuildFile; fileRef = 8B13B441EBCC4C55B979BC17 /* Inter_18pt-Italic.ttf */; };
		C424B033992B45B6B860F1D1 /* Inter_28pt-Black.ttf in Resources */ = {isa = PBXBuildFile; fileRef = 383DB6D8090A4D0A812B5762 /* Inter_28pt-Black.ttf */; };
		60404E4EC85141F18CCC8078 /* Inter_18pt-SemiBoldItalic.ttf in Resources */ = {isa = PBXBuildFile; fileRef = DAEBA0E02C0E4BD9A8C94F85 /* Inter_18pt-SemiBoldItalic.ttf */; };
		1F9AB1F3387E4DB4ACD39E78 /* Inter_24pt-BoldItalic.ttf in Resources */ = {isa = PBXBuildFile; fileRef = 3A104E5C6F9842C4976ED1D6 /* Inter_24pt-BoldItalic.ttf */; };
		4223E29EFF5049B6B73F3712 /* Inter_18pt-SemiBold.ttf in Resources */ = {isa = PBXBuildFile; fileRef = BAE1540E63BA4C97ABA2EF7D /* Inter_18pt-SemiBold.ttf */; };
		7BC9EB0CBDD342ADB5214CB9 /* Inter_24pt-ThinItalic.ttf in Resources */ = {isa = PBXBuildFile; fileRef = DE56A03C3E874E629921ADD7 /* Inter_24pt-ThinItalic.ttf */; };
		F1C3C40644654F119B29D344 /* Inter_18pt-Regular.ttf in Resources */ = {isa = PBXBuildFile; fileRef = A46B2F44061C4A31A1EBC40C /* Inter_18pt-Regular.ttf */; };
		C7321F24F7A94F5E93066A9F /* Inter_24pt-ExtraLight.ttf in Resources */ = {isa = PBXBuildFile; fileRef = D51FAB0EFA1547E59EFC5FC8 /* Inter_24pt-ExtraLight.ttf */; };
		2C687621A5E94D8A9EE8E893 /* Inter_24pt-Italic.ttf in Resources */ = {isa = PBXBuildFile; fileRef = 7E77EE753D0041DDAF39B63B /* Inter_24pt-Italic.ttf */; };
		0A3267D98F054D1786456F66 /* Inter_24pt-LightItalic.ttf in Resources */ = {isa = PBXBuildFile; fileRef = 129BFF954037407EB78D6BD6 /* Inter_24pt-LightItalic.ttf */; };
/* End PBXBuildFile section */

/* Begin PBXFileReference section */
		13B07F961A680F5B00A75B9A /* DonationApp.app */ = {isa = PBXFileReference; explicitFileType = wrapper.application; includeInIndex = 0; path = DonationApp.app; sourceTree = BUILT_PRODUCTS_DIR; };
		13B07FB51A68108700A75B9A /* Images.xcassets */ = {isa = PBXFileReference; lastKnownFileType = folder.assetcatalog; name = Images.xcassets; path = DonationApp/Images.xcassets; sourceTree = "<group>"; };
		13B07FB61A68108700A75B9A /* Info.plist */ = {isa = PBXFileReference; fileEncoding = 4; lastKnownFileType = text.plist.xml; name = Info.plist; path = DonationApp/Info.plist; sourceTree = "<group>"; };
		13B07FB81A68108700A75B9A /* PrivacyInfo.xcprivacy */ = {isa = PBXFileReference; fileEncoding = 4; lastKnownFileType = text.plist.xml; name = PrivacyInfo.xcprivacy; path = DonationApp/PrivacyInfo.xcprivacy; sourceTree = "<group>"; };
		3B4392A12AC88292D35C810B /* Pods-DonationApp.debug.xcconfig */ = {isa = PBXFileReference; includeInIndex = 1; lastKnownFileType = text.xcconfig; name = "Pods-DonationApp.debug.xcconfig"; path = "Target Support Files/Pods-DonationApp/Pods-DonationApp.debug.xcconfig"; sourceTree = "<group>"; };
		5709B34CF0A7D63546082F79 /* Pods-DonationApp.release.xcconfig */ = {isa = PBXFileReference; includeInIndex = 1; lastKnownFileType = text.xcconfig; name = "Pods-DonationApp.release.xcconfig"; path = "Target Support Files/Pods-DonationApp/Pods-DonationApp.release.xcconfig"; sourceTree = "<group>"; };
		5DCACB8F33CDC322A6C60F78 /* libPods-DonationApp.a */ = {isa = PBXFileReference; explicitFileType = archive.ar; includeInIndex = 0; path = "libPods-DonationApp.a"; sourceTree = BUILT_PRODUCTS_DIR; };
		761780EC2CA45674006654EE /* AppDelegate.swift */ = {isa = PBXFileReference; lastKnownFileType = sourcecode.swift; name = AppDelegate.swift; path = DonationApp/AppDelegate.swift; sourceTree = "<group>"; };
		81AB9BB72411601600AC10FF /* LaunchScreen.storyboard */ = {isa = PBXFileReference; fileEncoding = 4; lastKnownFileType = file.storyboard; name = LaunchScreen.storyboard; path = DonationApp/LaunchScreen.storyboard; sourceTree = "<group>"; };
		ED297162215061F000B7C4FE /* JavaScriptCore.framework */ = {isa = PBXFileReference; lastKnownFileType = wrapper.framework; name = JavaScriptCore.framework; path = System/Library/Frameworks/JavaScriptCore.framework; sourceTree = SDKROOT; };
		7A172C72B2714FA7B815BE24 /* Inter_28pt-LightItalic.ttf */ = {isa = PBXFileReference; name = "Inter_28pt-LightItalic.ttf"; path = "../assets/fonts/Inter_28pt-LightItalic.ttf"; sourceTree = "<group>"; fileEncoding = undefined; lastKnownFileType = unknown; explicitFileType = undefined; includeInIndex = 0; };
		3D0205FC43E442B08ABBE2B0 /* Inter_18pt-ExtraBoldItalic.ttf */ = {isa = PBXFileReference; name = "Inter_18pt-ExtraBoldItalic.ttf"; path = "../assets/fonts/Inter_18pt-ExtraBoldItalic.ttf"; sourceTree = "<group>"; fileEncoding = undefined; lastKnownFileType = unknown; explicitFileType = undefined; includeInIndex = 0; };
		F3139B1688B448F9803C0E5E /* Inter_24pt-Medium.ttf */ = {isa = PBXFileReference; name = "Inter_24pt-Medium.ttf"; path = "../assets/fonts/Inter_24pt-Medium.ttf"; sourceTree = "<group>"; fileEncoding = undefined; lastKnownFileType = unknown; explicitFileType = undefined; includeInIndex = 0; };
		62D6191304234909A9DCDC4D /* Inter_28pt-ExtraLightItalic.ttf */ = {isa = PBXFileReference; name = "Inter_28pt-ExtraLightItalic.ttf"; path = "../assets/fonts/Inter_28pt-ExtraLightItalic.ttf"; sourceTree = "<group>"; fileEncoding = undefined; lastKnownFileType = unknown; explicitFileType = undefined; includeInIndex = 0; };
		858E1AAA8A9B4E82A800F7A5 /* Inter_28pt-Bold.ttf */ = {isa = PBXFileReference; name = "Inter_28pt-Bold.ttf"; path = "../assets/fonts/Inter_28pt-Bold.ttf"; sourceTree = "<group>"; fileEncoding = undefined; lastKnownFileType = unknown; explicitFileType = undefined; includeInIndex = 0; };
		AF93075831D94945B3AAB411 /* Inter_28pt-ExtraLight.ttf */ = {isa = PBXFileReference; name = "Inter_28pt-ExtraLight.ttf"; path = "../assets/fonts/Inter_28pt-ExtraLight.ttf"; sourceTree = "<group>"; fileEncoding = undefined; lastKnownFileType = unknown; explicitFileType = undefined; includeInIndex = 0; };
		27E74D8B81E54EDD86417BBE /* Inter_28pt-Thin.ttf */ = {isa = PBXFileReference; name = "Inter_28pt-Thin.ttf"; path = "../assets/fonts/Inter_28pt-Thin.ttf"; sourceTree = "<group>"; fileEncoding = undefined; lastKnownFileType = unknown; explicitFileType = undefined; includeInIndex = 0; };
		ABE1836A37AA4E4C94295E5C /* Inter_28pt-ThinItalic.ttf */ = {isa = PBXFileReference; name = "Inter_28pt-ThinItalic.ttf"; path = "../assets/fonts/Inter_28pt-ThinItalic.ttf"; sourceTree = "<group>"; fileEncoding = undefined; lastKnownFileType = unknown; explicitFileType = undefined; includeInIndex = 0; };
		CD09B5106FA74E0BAA99DBF9 /* Inter_24pt-ExtraBold.ttf */ = {isa = PBXFileReference; name = "Inter_24pt-ExtraBold.ttf"; path = "../assets/fonts/Inter_24pt-ExtraBold.ttf"; sourceTree = "<group>"; fileEncoding = undefined; lastKnownFileType = unknown; explicitFileType = undefined; includeInIndex = 0; };
		E4E639CA41134E6EB682D49F /* Inter_24pt-SemiBold.ttf */ = {isa = PBXFileReference; name = "Inter_24pt-SemiBold.ttf"; path = "../assets/fonts/Inter_24pt-SemiBold.ttf"; sourceTree = "<group>"; fileEncoding = undefined; lastKnownFileType = unknown; explicitFileType = undefined; includeInIndex = 0; };
		EB825A11FB9E4ED48EF3707F /* Inter_28pt-BoldItalic.ttf */ = {isa = PBXFileReference; name = "Inter_28pt-BoldItalic.ttf"; path = "../assets/fonts/Inter_28pt-BoldItalic.ttf"; sourceTree = "<group>"; fileEncoding = undefined; lastKnownFileType = unknown; explicitFileType = undefined; includeInIndex = 0; };
		7B39B04333A24AE9942383C0 /* Inter_24pt-Regular.ttf */ = {isa = PBXFileReference; name = "Inter_24pt-Regular.ttf"; path = "../assets/fonts/Inter_24pt-Regular.ttf"; sourceTree = "<group>"; fileEncoding = undefined; lastKnownFileType = unknown; explicitFileType = undefined; includeInIndex = 0; };
		08621C56D0BB4D618A6FAD2D /* Inter_28pt-ExtraBoldItalic.ttf */ = {isa = PBXFileReference; name = "Inter_28pt-ExtraBoldItalic.ttf"; path = "../assets/fonts/Inter_28pt-ExtraBoldItalic.ttf"; sourceTree = "<group>"; fileEncoding = undefined; lastKnownFileType = unknown; explicitFileType = undefined; includeInIndex = 0; };
		A3F5061D563144E3884FB206 /* Inter_18pt-LightItalic.ttf */ = {isa = PBXFileReference; name = "Inter_18pt-LightItalic.ttf"; path = "../assets/fonts/Inter_18pt-LightItalic.ttf"; sourceTree = "<group>"; fileEncoding = undefined; lastKnownFileType = unknown; explicitFileType = undefined; includeInIndex = 0; };
		898CB3A344934A499B61C1FA /* Inter_18pt-ExtraLight.ttf */ = {isa = PBXFileReference; name = "Inter_18pt-ExtraLight.ttf"; path = "../assets/fonts/Inter_18pt-ExtraLight.ttf"; sourceTree = "<group>"; fileEncoding = undefined; lastKnownFileType = unknown; explicitFileType = undefined; includeInIndex = 0; };
		D7332C5E0C774C179F52CB96 /* Inter_18pt-ThinItalic.ttf */ = {isa = PBXFileReference; name = "Inter_18pt-ThinItalic.ttf"; path = "../assets/fonts/Inter_18pt-ThinItalic.ttf"; sourceTree = "<group>"; fileEncoding = undefined; lastKnownFileType = unknown; explicitFileType = undefined; includeInIndex = 0; };
		4AF03ADF5E974960BCBCC5B5 /* Inter_18pt-ExtraBold.ttf */ = {isa = PBXFileReference; name = "Inter_18pt-ExtraBold.ttf"; path = "../assets/fonts/Inter_18pt-ExtraBold.ttf"; sourceTree = "<group>"; fileEncoding = undefined; lastKnownFileType = unknown; explicitFileType = undefined; includeInIndex = 0; };
		F094BF7A1BE14F8A840D650C /* Inter_18pt-BoldItalic.ttf */ = {isa = PBXFileReference; name = "Inter_18pt-BoldItalic.ttf"; path = "../assets/fonts/Inter_18pt-BoldItalic.ttf"; sourceTree = "<group>"; fileEncoding = undefined; lastKnownFileType = unknown; explicitFileType = undefined; includeInIndex = 0; };
		DC9893DA022142A5BE6DE3EC /* Inter_28pt-Light.ttf */ = {isa = PBXFileReference; name = "Inter_28pt-Light.ttf"; path = "../assets/fonts/Inter_28pt-Light.ttf"; sourceTree = "<group>"; fileEncoding = undefined; lastKnownFileType = unknown; explicitFileType = undefined; includeInIndex = 0; };
		F434FB0EE12D4EE49CA4E5D4 /* Inter_18pt-Thin.ttf */ = {isa = PBXFileReference; name = "Inter_18pt-Thin.ttf"; path = "../assets/fonts/Inter_18pt-Thin.ttf"; sourceTree = "<group>"; fileEncoding = undefined; lastKnownFileType = unknown; explicitFileType = undefined; includeInIndex = 0; };
		9385FBF4041F4D21AA398164 /* Inter_28pt-Medium.ttf */ = {isa = PBXFileReference; name = "Inter_28pt-Medium.ttf"; path = "../assets/fonts/Inter_28pt-Medium.ttf"; sourceTree = "<group>"; fileEncoding = undefined; lastKnownFileType = unknown; explicitFileType = undefined; includeInIndex = 0; };
		E8622113D01147C9A0FC68A9 /* Inter_18pt-BlackItalic.ttf */ = {isa = PBXFileReference; name = "Inter_18pt-BlackItalic.ttf"; path = "../assets/fonts/Inter_18pt-BlackItalic.ttf"; sourceTree = "<group>"; fileEncoding = undefined; lastKnownFileType = unknown; explicitFileType = undefined; includeInIndex = 0; };
		B83E167308924D76BAB096BF /* Inter_28pt-BlackItalic.ttf */ = {isa = PBXFileReference; name = "Inter_28pt-BlackItalic.ttf"; path = "../assets/fonts/Inter_28pt-BlackItalic.ttf"; sourceTree = "<group>"; fileEncoding = undefined; lastKnownFileType = unknown; explicitFileType = undefined; includeInIndex = 0; };
		F70649881481464C994971E8 /* Inter_18pt-Bold.ttf */ = {isa = PBXFileReference; name = "Inter_18pt-Bold.ttf"; path = "../assets/fonts/Inter_18pt-Bold.ttf"; sourceTree = "<group>"; fileEncoding = undefined; lastKnownFileType = unknown; explicitFileType = undefined; includeInIndex = 0; };
		5F7F9222469F4889B453D0A1 /* Inter_18pt-ExtraLightItalic.ttf */ = {isa = PBXFileReference; name = "Inter_18pt-ExtraLightItalic.ttf"; path = "../assets/fonts/Inter_18pt-ExtraLightItalic.ttf"; sourceTree = "<group>"; fileEncoding = undefined; lastKnownFileType = unknown; explicitFileType = undefined; includeInIndex = 0; };
		7B94F29218E44CC69BA841A4 /* Inter_18pt-Medium.ttf */ = {isa = PBXFileReference; name = "Inter_18pt-Medium.ttf"; path = "../assets/fonts/Inter_18pt-Medium.ttf"; sourceTree = "<group>"; fileEncoding = undefined; lastKnownFileType = unknown; explicitFileType = undefined; includeInIndex = 0; };
		14BB7D25150A443D90F02610 /* Inter_24pt-ExtraLightItalic.ttf */ = {isa = PBXFileReference; name = "Inter_24pt-ExtraLightItalic.ttf"; path = "../assets/fonts/Inter_24pt-ExtraLightItalic.ttf"; sourceTree = "<group>"; fileEncoding = undefined; lastKnownFileType = unknown; explicitFileType = undefined; includeInIndex = 0; };
		A8754F4CB71A49639009A6B9 /* Inter_18pt-Black.ttf */ = {isa = PBXFileReference; name = "Inter_18pt-Black.ttf"; path = "../assets/fonts/Inter_18pt-Black.ttf"; sourceTree = "<group>"; fileEncoding = undefined; lastKnownFileType = unknown; explicitFileType = undefined; includeInIndex = 0; };
		7797E3618F9C4B99A823DAC8 /* Inter_24pt-Light.ttf */ = {isa = PBXFileReference; name = "Inter_24pt-Light.ttf"; path = "../assets/fonts/Inter_24pt-Light.ttf"; sourceTree = "<group>"; fileEncoding = undefined; lastKnownFileType = unknown; explicitFileType = undefined; includeInIndex = 0; };
		1C4CCB79D3B844BE81010781 /* Inter_28pt-SemiBoldItalic.ttf */ = {isa = PBXFileReference; name = "Inter_28pt-SemiBoldItalic.ttf"; path = "../assets/fonts/Inter_28pt-SemiBoldItalic.ttf"; sourceTree = "<group>"; fileEncoding = undefined; lastKnownFileType = unknown; explicitFileType = undefined; includeInIndex = 0; };
		D21EA472430C467BB0BCE0B7 /* Inter_24pt-ExtraBoldItalic.ttf */ = {isa = PBXFileReference; name = "Inter_24pt-ExtraBoldItalic.ttf"; path = "../assets/fonts/Inter_24pt-ExtraBoldItalic.ttf"; sourceTree = "<group>"; fileEncoding = undefined; lastKnownFileType = unknown; explicitFileType = undefined; includeInIndex = 0; };
		443D2A8D7B1346029913A108 /* Inter_24pt-MediumItalic.ttf */ = {isa = PBXFileReference; name = "Inter_24pt-MediumItalic.ttf"; path = "../assets/fonts/Inter_24pt-MediumItalic.ttf"; sourceTree = "<group>"; fileEncoding = undefined; lastKnownFileType = unknown; explicitFileType = undefined; includeInIndex = 0; };
		FAB0110828CB4B75AEB39B9F /* Inter_28pt-SemiBold.ttf */ = {isa = PBXFileReference; name = "Inter_28pt-SemiBold.ttf"; path = "../assets/fonts/Inter_28pt-SemiBold.ttf"; sourceTree = "<group>"; fileEncoding = undefined; lastKnownFileType = unknown; explicitFileType = undefined; includeInIndex = 0; };
		96B2C4D489314BDB8293FC34 /* Inter_18pt-MediumItalic.ttf */ = {isa = PBXFileReference; name = "Inter_18pt-MediumItalic.ttf"; path = "../assets/fonts/Inter_18pt-MediumItalic.ttf"; sourceTree = "<group>"; fileEncoding = undefined; lastKnownFileType = unknown; explicitFileType = undefined; includeInIndex = 0; };
		87F2A492376C4931AFCBF61B /* Inter_24pt-BlackItalic.ttf */ = {isa = PBXFileReference; name = "Inter_24pt-BlackItalic.ttf"; path = "../assets/fonts/Inter_24pt-BlackItalic.ttf"; sourceTree = "<group>"; fileEncoding = undefined; lastKnownFileType = unknown; explicitFileType = undefined; includeInIndex = 0; };
		5E84ADD5EF0B4FE78D97001E /* Inter_28pt-Italic.ttf */ = {isa = PBXFileReference; name = "Inter_28pt-Italic.ttf"; path = "../assets/fonts/Inter_28pt-Italic.ttf"; sourceTree = "<group>"; fileEncoding = undefined; lastKnownFileType = unknown; explicitFileType = undefined; includeInIndex = 0; };
		0E43A100735441899AB4DF14 /* Inter_24pt-Thin.ttf */ = {isa = PBXFileReference; name = "Inter_24pt-Thin.ttf"; path = "../assets/fonts/Inter_24pt-Thin.ttf"; sourceTree = "<group>"; fileEncoding = undefined; lastKnownFileType = unknown; explicitFileType = undefined; includeInIndex = 0; };
		6714FDEA8D9341F5A9E4AA03 /* Inter_24pt-SemiBoldItalic.ttf */ = {isa = PBXFileReference; name = "Inter_24pt-SemiBoldItalic.ttf"; path = "../assets/fonts/Inter_24pt-SemiBoldItalic.ttf"; sourceTree = "<group>"; fileEncoding = undefined; lastKnownFileType = unknown; explicitFileType = undefined; includeInIndex = 0; };
		E9BF8DE0D2FA4140AAD16AC0 /* Inter_24pt-Black.ttf */ = {isa = PBXFileReference; name = "Inter_24pt-Black.ttf"; path = "../assets/fonts/Inter_24pt-Black.ttf"; sourceTree = "<group>"; fileEncoding = undefined; lastKnownFileType = unknown; explicitFileType = undefined; includeInIndex = 0; };
		FF42117F98144248B65CE74F /* Inter_18pt-Light.ttf */ = {isa = PBXFileReference; name = "Inter_18pt-Light.ttf"; path = "../assets/fonts/Inter_18pt-Light.ttf"; sourceTree = "<group>"; fileEncoding = undefined; lastKnownFileType = unknown; explicitFileType = undefined; includeInIndex = 0; };
		B05759356F5643B7A299C590 /* Inter_28pt-Regular.ttf */ = {isa = PBXFileReference; name = "Inter_28pt-Regular.ttf"; path = "../assets/fonts/Inter_28pt-Regular.ttf"; sourceTree = "<group>"; fileEncoding = undefined; lastKnownFileType = unknown; explicitFileType = undefined; includeInIndex = 0; };
		A9A673A687BA48E5BB2319F1 /* Inter_28pt-MediumItalic.ttf */ = {isa = PBXFileReference; name = "Inter_28pt-MediumItalic.ttf"; path = "../assets/fonts/Inter_28pt-MediumItalic.ttf"; sourceTree = "<group>"; fileEncoding = undefined; lastKnownFileType = unknown; explicitFileType = undefined; includeInIndex = 0; };
		0E6F4829556E4A1980B0DA66 /* Inter_28pt-ExtraBold.ttf */ = {isa = PBXFileReference; name = "Inter_28pt-ExtraBold.ttf"; path = "../assets/fonts/Inter_28pt-ExtraBold.ttf"; sourceTree = "<group>"; fileEncoding = undefined; lastKnownFileType = unknown; explicitFileType = undefined; includeInIndex = 0; };
		AB33B0286DAF4FEAAE43A625 /* Inter_24pt-Bold.ttf */ = {isa = PBXFileReference; name = "Inter_24pt-Bold.ttf"; path = "../assets/fonts/Inter_24pt-Bold.ttf"; sourceTree = "<group>"; fileEncoding = undefined; lastKnownFileType = unknown; explicitFileType = undefined; includeInIndex = 0; };
		8B13B441EBCC4C55B979BC17 /* Inter_18pt-Italic.ttf */ = {isa = PBXFileReference; name = "Inter_18pt-Italic.ttf"; path = "../assets/fonts/Inter_18pt-Italic.ttf"; sourceTree = "<group>"; fileEncoding = undefined; lastKnownFileType = unknown; explicitFileType = undefined; includeInIndex = 0; };
		383DB6D8090A4D0A812B5762 /* Inter_28pt-Black.ttf */ = {isa = PBXFileReference; name = "Inter_28pt-Black.ttf"; path = "../assets/fonts/Inter_28pt-Black.ttf"; sourceTree = "<group>"; fileEncoding = undefined; lastKnownFileType = unknown; explicitFileType = undefined; includeInIndex = 0; };
		DAEBA0E02C0E4BD9A8C94F85 /* Inter_18pt-SemiBoldItalic.ttf */ = {isa = PBXFileReference; name = "Inter_18pt-SemiBoldItalic.ttf"; path = "../assets/fonts/Inter_18pt-SemiBoldItalic.ttf"; sourceTree = "<group>"; fileEncoding = undefined; lastKnownFileType = unknown; explicitFileType = undefined; includeInIndex = 0; };
		3A104E5C6F9842C4976ED1D6 /* Inter_24pt-BoldItalic.ttf */ = {isa = PBXFileReference; name = "Inter_24pt-BoldItalic.ttf"; path = "../assets/fonts/Inter_24pt-BoldItalic.ttf"; sourceTree = "<group>"; fileEncoding = undefined; lastKnownFileType = unknown; explicitFileType = undefined; includeInIndex = 0; };
		BAE1540E63BA4C97ABA2EF7D /* Inter_18pt-SemiBold.ttf */ = {isa = PBXFileReference; name = "Inter_18pt-SemiBold.ttf"; path = "../assets/fonts/Inter_18pt-SemiBold.ttf"; sourceTree = "<group>"; fileEncoding = undefined; lastKnownFileType = unknown; explicitFileType = undefined; includeInIndex = 0; };
		DE56A03C3E874E629921ADD7 /* Inter_24pt-ThinItalic.ttf */ = {isa = PBXFileReference; name = "Inter_24pt-ThinItalic.ttf"; path = "../assets/fonts/Inter_24pt-ThinItalic.ttf"; sourceTree = "<group>"; fileEncoding = undefined; lastKnownFileType = unknown; explicitFileType = undefined; includeInIndex = 0; };
		A46B2F44061C4A31A1EBC40C /* Inter_18pt-Regular.ttf */ = {isa = PBXFileReference; name = "Inter_18pt-Regular.ttf"; path = "../assets/fonts/Inter_18pt-Regular.ttf"; sourceTree = "<group>"; fileEncoding = undefined; lastKnownFileType = unknown; explicitFileType = undefined; includeInIndex = 0; };
		D51FAB0EFA1547E59EFC5FC8 /* Inter_24pt-ExtraLight.ttf */ = {isa = PBXFileReference; name = "Inter_24pt-ExtraLight.ttf"; path = "../assets/fonts/Inter_24pt-ExtraLight.ttf"; sourceTree = "<group>"; fileEncoding = undefined; lastKnownFileType = unknown; explicitFileType = undefined; includeInIndex = 0; };
		7E77EE753D0041DDAF39B63B /* Inter_24pt-Italic.ttf */ = {isa = PBXFileReference; name = "Inter_24pt-Italic.ttf"; path = "../assets/fonts/Inter_24pt-Italic.ttf"; sourceTree = "<group>"; fileEncoding = undefined; lastKnownFileType = unknown; explicitFileType = undefined; includeInIndex = 0; };
		129BFF954037407EB78D6BD6 /* Inter_24pt-LightItalic.ttf */ = {isa = PBXFileReference; name = "Inter_24pt-LightItalic.ttf"; path = "../assets/fonts/Inter_24pt-LightItalic.ttf"; sourceTree = "<group>"; fileEncoding = undefined; lastKnownFileType = unknown; explicitFileType = undefined; includeInIndex = 0; };
/* End PBXFileReference section */

/* Begin PBXFrameworksBuildPhase section */
		13B07F8C1A680F5B00A75B9A /* Frameworks */ = {
			isa = PBXFrameworksBuildPhase;
			buildActionMask = 2147483647;
			files = (
				0C80B921A6F3F58F76C31292 /* libPods-DonationApp.a in Frameworks */,
			);
			runOnlyForDeploymentPostprocessing = 0;
		};
/* End PBXFrameworksBuildPhase section */

/* Begin PBXGroup section */
		13B07FAE1A68108700A75B9A /* DonationApp */ = {
			isa = PBXGroup;
			children = (
				13B07FB51A68108700A75B9A /* Images.xcassets */,
				761780EC2CA45674006654EE /* AppDelegate.swift */,
				13B07FB61A68108700A75B9A /* Info.plist */,
				81AB9BB72411601600AC10FF /* LaunchScreen.storyboard */,
				13B07FB81A68108700A75B9A /* PrivacyInfo.xcprivacy */,
			);
			name = DonationApp;
			sourceTree = "<group>";
		};
		2D16E6871FA4F8E400B85C8A /* Frameworks */ = {
			isa = PBXGroup;
			children = (
				ED297162215061F000B7C4FE /* JavaScriptCore.framework */,
				5DCACB8F33CDC322A6C60F78 /* libPods-DonationApp.a */,
			);
			name = Frameworks;
			sourceTree = "<group>";
		};
		832341AE1AAA6A7D00B99B32 /* Libraries */ = {
			isa = PBXGroup;
			children = (
			);
			name = Libraries;
			sourceTree = "<group>";
		};
		83CBB9F61A601CBA00E9B192 = {
			isa = PBXGroup;
			children = (
				13B07FAE1A68108700A75B9A /* DonationApp */,
				832341AE1AAA6A7D00B99B32 /* Libraries */,
				83CBBA001A601CBA00E9B192 /* Products */,
				2D16E6871FA4F8E400B85C8A /* Frameworks */,
				BBD78D7AC51CEA395F1C20DB /* Pods */,
				B529CE3F6D0C4B5A8DBE2ABF /* Resources */,
			);
			indentWidth = 2;
			sourceTree = "<group>";
			tabWidth = 2;
			usesTabs = 0;
		};
		83CBBA001A601CBA00E9B192 /* Products */ = {
			isa = PBXGroup;
			children = (
				13B07F961A680F5B00A75B9A /* DonationApp.app */,
			);
			name = Products;
			sourceTree = "<group>";
		};
		BBD78D7AC51CEA395F1C20DB /* Pods */ = {
			isa = PBXGroup;
			children = (
				3B4392A12AC88292D35C810B /* Pods-DonationApp.debug.xcconfig */,
				5709B34CF0A7D63546082F79 /* Pods-DonationApp.release.xcconfig */,
			);
			path = Pods;
			sourceTree = "<group>";
		};
		B529CE3F6D0C4B5A8DBE2ABF /* Resources */ = {
			isa = "PBXGroup";
			children = (
				7A172C72B2714FA7B815BE24 /* Inter_28pt-LightItalic.ttf */,
				3D0205FC43E442B08ABBE2B0 /* Inter_18pt-ExtraBoldItalic.ttf */,
				F3139B1688B448F9803C0E5E /* Inter_24pt-Medium.ttf */,
				62D6191304234909A9DCDC4D /* Inter_28pt-ExtraLightItalic.ttf */,
				858E1AAA8A9B4E82A800F7A5 /* Inter_28pt-Bold.ttf */,
				AF93075831D94945B3AAB411 /* Inter_28pt-ExtraLight.ttf */,
				27E74D8B81E54EDD86417BBE /* Inter_28pt-Thin.ttf */,
				ABE1836A37AA4E4C94295E5C /* Inter_28pt-ThinItalic.ttf */,
				CD09B5106FA74E0BAA99DBF9 /* Inter_24pt-ExtraBold.ttf */,
				E4E639CA41134E6EB682D49F /* Inter_24pt-SemiBold.ttf */,
				EB825A11FB9E4ED48EF3707F /* Inter_28pt-BoldItalic.ttf */,
				7B39B04333A24AE9942383C0 /* Inter_24pt-Regular.ttf */,
				08621C56D0BB4D618A6FAD2D /* Inter_28pt-ExtraBoldItalic.ttf */,
				A3F5061D563144E3884FB206 /* Inter_18pt-LightItalic.ttf */,
				898CB3A344934A499B61C1FA /* Inter_18pt-ExtraLight.ttf */,
				D7332C5E0C774C179F52CB96 /* Inter_18pt-ThinItalic.ttf */,
				4AF03ADF5E974960BCBCC5B5 /* Inter_18pt-ExtraBold.ttf */,
				F094BF7A1BE14F8A840D650C /* Inter_18pt-BoldItalic.ttf */,
				DC9893DA022142A5BE6DE3EC /* Inter_28pt-Light.ttf */,
				F434FB0EE12D4EE49CA4E5D4 /* Inter_18pt-Thin.ttf */,
				9385FBF4041F4D21AA398164 /* Inter_28pt-Medium.ttf */,
				E8622113D01147C9A0FC68A9 /* Inter_18pt-BlackItalic.ttf */,
				B83E167308924D76BAB096BF /* Inter_28pt-BlackItalic.ttf */,
				F70649881481464C994971E8 /* Inter_18pt-Bold.ttf */,
				5F7F9222469F4889B453D0A1 /* Inter_18pt-ExtraLightItalic.ttf */,
				7B94F29218E44CC69BA841A4 /* Inter_18pt-Medium.ttf */,
				14BB7D25150A443D90F02610 /* Inter_24pt-ExtraLightItalic.ttf */,
				A8754F4CB71A49639009A6B9 /* Inter_18pt-Black.ttf */,
				7797E3618F9C4B99A823DAC8 /* Inter_24pt-Light.ttf */,
				1C4CCB79D3B844BE81010781 /* Inter_28pt-SemiBoldItalic.ttf */,
				D21EA472430C467BB0BCE0B7 /* Inter_24pt-ExtraBoldItalic.ttf */,
				443D2A8D7B1346029913A108 /* Inter_24pt-MediumItalic.ttf */,
				FAB0110828CB4B75AEB39B9F /* Inter_28pt-SemiBold.ttf */,
				96B2C4D489314BDB8293FC34 /* Inter_18pt-MediumItalic.ttf */,
				87F2A492376C4931AFCBF61B /* Inter_24pt-BlackItalic.ttf */,
				5E84ADD5EF0B4FE78D97001E /* Inter_28pt-Italic.ttf */,
				0E43A100735441899AB4DF14 /* Inter_24pt-Thin.ttf */,
				6714FDEA8D9341F5A9E4AA03 /* Inter_24pt-SemiBoldItalic.ttf */,
				E9BF8DE0D2FA4140AAD16AC0 /* Inter_24pt-Black.ttf */,
				FF42117F98144248B65CE74F /* Inter_18pt-Light.ttf */,
				B05759356F5643B7A299C590 /* Inter_28pt-Regular.ttf */,
				A9A673A687BA48E5BB2319F1 /* Inter_28pt-MediumItalic.ttf */,
				0E6F4829556E4A1980B0DA66 /* Inter_28pt-ExtraBold.ttf */,
				AB33B0286DAF4FEAAE43A625 /* Inter_24pt-Bold.ttf */,
				8B13B441EBCC4C55B979BC17 /* Inter_18pt-Italic.ttf */,
				383DB6D8090A4D0A812B5762 /* Inter_28pt-Black.ttf */,
				DAEBA0E02C0E4BD9A8C94F85 /* Inter_18pt-SemiBoldItalic.ttf */,
				3A104E5C6F9842C4976ED1D6 /* Inter_24pt-BoldItalic.ttf */,
				BAE1540E63BA4C97ABA2EF7D /* Inter_18pt-SemiBold.ttf */,
				DE56A03C3E874E629921ADD7 /* Inter_24pt-ThinItalic.ttf */,
				A46B2F44061C4A31A1EBC40C /* Inter_18pt-Regular.ttf */,
				D51FAB0EFA1547E59EFC5FC8 /* Inter_24pt-ExtraLight.ttf */,
				7E77EE753D0041DDAF39B63B /* Inter_24pt-Italic.ttf */,
				129BFF954037407EB78D6BD6 /* Inter_24pt-LightItalic.ttf */,
			);
			name = Resources;
			sourceTree = "<group>";
			path = "";
		};
/* End PBXGroup section */

/* Begin PBXNativeTarget section */
		13B07F861A680F5B00A75B9A /* DonationApp */ = {
			isa = PBXNativeTarget;
			buildConfigurationList = 13B07F931A680F5B00A75B9A /* Build configuration list for PBXNativeTarget "DonationApp" */;
			buildPhases = (
				C38B50BA6285516D6DCD4F65 /* [CP] Check Pods Manifest.lock */,
				13B07F871A680F5B00A75B9A /* Sources */,
				13B07F8C1A680F5B00A75B9A /* Frameworks */,
				13B07F8E1A680F5B00A75B9A /* Resources */,
				00DD1BFF1BD5951E006B06BC /* Bundle React Native code and images */,
				00EEFC60759A1932668264C0 /* [CP] Embed Pods Frameworks */,
				E235C05ADACE081382539298 /* [CP] Copy Pods Resources */,
			);
			buildRules = (
			);
			dependencies = (
			);
			name = DonationApp;
			productName = DonationApp;
			productReference = 13B07F961A680F5B00A75B9A /* DonationApp.app */;
			productType = "com.apple.product-type.application";
		};
/* End PBXNativeTarget section */

/* Begin PBXProject section */
		83CBB9F71A601CBA00E9B192 /* Project object */ = {
			isa = PBXProject;
			attributes = {
				LastUpgradeCheck = 1210;
				TargetAttributes = {
					13B07F861A680F5B00A75B9A = {
						LastSwiftMigration = 1120;
					};
				};
			};
			buildConfigurationList = 83CBB9FA1A601CBA00E9B192 /* Build configuration list for PBXProject "DonationApp" */;
			compatibilityVersion = "Xcode 12.0";
			developmentRegion = en;
			hasScannedForEncodings = 0;
			knownRegions = (
				en,
				Base,
			);
			mainGroup = 83CBB9F61A601CBA00E9B192;
			productRefGroup = 83CBBA001A601CBA00E9B192 /* Products */;
			projectDirPath = "";
			projectRoot = "";
			targets = (
				13B07F861A680F5B00A75B9A /* DonationApp */,
			);
		};
/* End PBXProject section */

/* Begin PBXResourcesBuildPhase section */
		13B07F8E1A680F5B00A75B9A /* Resources */ = {
			isa = PBXResourcesBuildPhase;
			buildActionMask = 2147483647;
			files = (
				81AB9BB82411601600AC10FF /* LaunchScreen.storyboard in Resources */,
				13B07FBF1A68108700A75B9A /* Images.xcassets in Resources */,
				FD334D69F66C10500916BD14 /* PrivacyInfo.xcprivacy in Resources */,
				876C24DFC60D4D89BAA52583 /* Inter_28pt-LightItalic.ttf in Resources */,
				74B3C840555D47988318C804 /* Inter_18pt-ExtraBoldItalic.ttf in Resources */,
				2690D978E71446BAB994521C /* Inter_24pt-Medium.ttf in Resources */,
				6E38E9CC0ABB47CA8528D41E /* Inter_28pt-ExtraLightItalic.ttf in Resources */,
				2E643848549041D8BDE81967 /* Inter_28pt-Bold.ttf in Resources */,
				D7CF96FD7A1F460ABC04FE61 /* Inter_28pt-ExtraLight.ttf in Resources */,
				65DC6D754D6D4B9CBA880287 /* Inter_28pt-Thin.ttf in Resources */,
				FD34C50A96AA4296BE832D0E /* Inter_28pt-ThinItalic.ttf in Resources */,
				51B36D0CCF1D44EB9AF84963 /* Inter_24pt-ExtraBold.ttf in Resources */,
				726F520B7EF04DED8CD90043 /* Inter_24pt-SemiBold.ttf in Resources */,
				997E5A9AABFF48978D2F47F0 /* Inter_28pt-BoldItalic.ttf in Resources */,
				41C3DD1A28A246AAAFB5609C /* Inter_24pt-Regular.ttf in Resources */,
				1334B5C8C13E482CA3BBEC0C /* Inter_28pt-ExtraBoldItalic.ttf in Resources */,
				8521A1A8655D4E5A82BE127E /* Inter_18pt-LightItalic.ttf in Resources */,
				D7D1A883EE854AAC8BEC5D73 /* Inter_18pt-ExtraLight.ttf in Resources */,
				4FD9409BA9EC4CA7B4968CDB /* Inter_18pt-ThinItalic.ttf in Resources */,
				4B8A7884DA494FEC9C7CFA9E /* Inter_18pt-ExtraBold.ttf in Resources */,
				A649F542F238451EA09FF0D0 /* Inter_18pt-BoldItalic.ttf in Resources */,
				1DB260D0FBEF423D9970D1E3 /* Inter_28pt-Light.ttf in Resources */,
				7C195EE5D6424A21A368A7C5 /* Inter_18pt-Thin.ttf in Resources */,
				F5B507BB8B5049B2A6D56BE5 /* Inter_28pt-Medium.ttf in Resources */,
				05493E36248C453EA0621AAE /* Inter_18pt-BlackItalic.ttf in Resources */,
				E40155CB975A4CCABE0D39B2 /* Inter_28pt-BlackItalic.ttf in Resources */,
				76F56F3249F04CD087B14088 /* Inter_18pt-Bold.ttf in Resources */,
				A70A32D297AF438AAC356069 /* Inter_18pt-ExtraLightItalic.ttf in Resources */,
				26AAC4DB5C0642EC9CF5BA7C /* Inter_18pt-Medium.ttf in Resources */,
				F3C4CC4F3F6D4236A1708317 /* Inter_24pt-ExtraLightItalic.ttf in Resources */,
				2A54C2997FAF4B11B02CC6CE /* Inter_18pt-Black.ttf in Resources */,
				DEE4D3D2878840B18B082AC0 /* Inter_24pt-Light.ttf in Resources */,
				6FD7E70E260F48069AD58223 /* Inter_28pt-SemiBoldItalic.ttf in Resources */,
				23E728AFE921477080AFA08C /* Inter_24pt-ExtraBoldItalic.ttf in Resources */,
				2CF3B589240B41D08034A6C9 /* Inter_24pt-MediumItalic.ttf in Resources */,
				4530D1CF316D4612BC5DF795 /* Inter_28pt-SemiBold.ttf in Resources */,
				4F95754D98E84D8D8B4C53FD /* Inter_18pt-MediumItalic.ttf in Resources */,
				7D0BC3776D09473E8CCF80F1 /* Inter_24pt-BlackItalic.ttf in Resources */,
				44C09449AC7E4AA489BE602D /* Inter_28pt-Italic.ttf in Resources */,
				4B610B191B6B434D940FE2AD /* Inter_24pt-Thin.ttf in Resources */,
				954B641B51CA40DF8AE39E45 /* Inter_24pt-SemiBoldItalic.ttf in Resources */,
				344DF12C1B3041E4AE8665FF /* Inter_24pt-Black.ttf in Resources */,
				FCCF02A3B38B4442964C3384 /* Inter_18pt-Light.ttf in Resources */,
				476DFB34F3A3438F827A0955 /* Inter_28pt-Regular.ttf in Resources */,
				D3B8578DF3AA44B59F4610B1 /* Inter_28pt-MediumItalic.ttf in Resources */,
				38990097FD19445E88B5469A /* Inter_28pt-ExtraBold.ttf in Resources */,
				F2C82753D7F541F380FFF1D9 /* Inter_24pt-Bold.ttf in Resources */,
				98786E4BDBE440778A3308E4 /* Inter_18pt-Italic.ttf in Resources */,
				C424B033992B45B6B860F1D1 /* Inter_28pt-Black.ttf in Resources */,
				60404E4EC85141F18CCC8078 /* Inter_18pt-SemiBoldItalic.ttf in Resources */,
				1F9AB1F3387E4DB4ACD39E78 /* Inter_24pt-BoldItalic.ttf in Resources */,
				4223E29EFF5049B6B73F3712 /* Inter_18pt-SemiBold.ttf in Resources */,
				7BC9EB0CBDD342ADB5214CB9 /* Inter_24pt-ThinItalic.ttf in Resources */,
				F1C3C40644654F119B29D344 /* Inter_18pt-Regular.ttf in Resources */,
				C7321F24F7A94F5E93066A9F /* Inter_24pt-ExtraLight.ttf in Resources */,
				2C687621A5E94D8A9EE8E893 /* Inter_24pt-Italic.ttf in Resources */,
				0A3267D98F054D1786456F66 /* Inter_24pt-LightItalic.ttf in Resources */,
			);
			runOnlyForDeploymentPostprocessing = 0;
		};
/* End PBXResourcesBuildPhase section */

/* Begin PBXShellScriptBuildPhase section */
		00DD1BFF1BD5951E006B06BC /* Bundle React Native code and images */ = {
			isa = PBXShellScriptBuildPhase;
			buildActionMask = 2147483647;
			files = (
			);
			inputPaths = (
				"$(SRCROOT)/.xcode.env.local",
				"$(SRCROOT)/.xcode.env",
			);
			name = "Bundle React Native code and images";
			outputPaths = (
			);
			runOnlyForDeploymentPostprocessing = 0;
			shellPath = /bin/sh;
			shellScript = "set -e\n\nWITH_ENVIRONMENT=\"$REACT_NATIVE_PATH/scripts/xcode/with-environment.sh\"\nREACT_NATIVE_XCODE=\"$REACT_NATIVE_PATH/scripts/react-native-xcode.sh\"\n\n/bin/sh -c \"\\\"$WITH_ENVIRONMENT\\\" \\\"$REACT_NATIVE_XCODE\\\"\"\n";
		};
		00EEFC60759A1932668264C0 /* [CP] Embed Pods Frameworks */ = {
			isa = PBXShellScriptBuildPhase;
			buildActionMask = 2147483647;
			files = (
			);
			inputFileListPaths = (
				"${PODS_ROOT}/Target Support Files/Pods-DonationApp/Pods-DonationApp-frameworks-${CONFIGURATION}-input-files.xcfilelist",
			);
			name = "[CP] Embed Pods Frameworks";
			outputFileListPaths = (
				"${PODS_ROOT}/Target Support Files/Pods-DonationApp/Pods-DonationApp-frameworks-${CONFIGURATION}-output-files.xcfilelist",
			);
			runOnlyForDeploymentPostprocessing = 0;
			shellPath = /bin/sh;
			shellScript = "\"${PODS_ROOT}/Target Support Files/Pods-DonationApp/Pods-DonationApp-frameworks.sh\"\n";
			showEnvVarsInLog = 0;
		};
		C38B50BA6285516D6DCD4F65 /* [CP] Check Pods Manifest.lock */ = {
			isa = PBXShellScriptBuildPhase;
			buildActionMask = 2147483647;
			files = (
			);
			inputFileListPaths = (
			);
			inputPaths = (
				"${PODS_PODFILE_DIR_PATH}/Podfile.lock",
				"${PODS_ROOT}/Manifest.lock",
			);
			name = "[CP] Check Pods Manifest.lock";
			outputFileListPaths = (
			);
			outputPaths = (
				"$(DERIVED_FILE_DIR)/Pods-DonationApp-checkManifestLockResult.txt",
			);
			runOnlyForDeploymentPostprocessing = 0;
			shellPath = /bin/sh;
			shellScript = "diff \"${PODS_PODFILE_DIR_PATH}/Podfile.lock\" \"${PODS_ROOT}/Manifest.lock\" > /dev/null\nif [ $? != 0 ] ; then\n    # print error to STDERR\n    echo \"error: The sandbox is not in sync with the Podfile.lock. Run 'pod install' or update your CocoaPods installation.\" >&2\n    exit 1\nfi\n# This output is used by Xcode 'outputs' to avoid re-running this script phase.\necho \"SUCCESS\" > \"${SCRIPT_OUTPUT_FILE_0}\"\n";
			showEnvVarsInLog = 0;
		};
		E235C05ADACE081382539298 /* [CP] Copy Pods Resources */ = {
			isa = PBXShellScriptBuildPhase;
			buildActionMask = 2147483647;
			files = (
			);
			inputFileListPaths = (
				"${PODS_ROOT}/Target Support Files/Pods-DonationApp/Pods-DonationApp-resources-${CONFIGURATION}-input-files.xcfilelist",
			);
			name = "[CP] Copy Pods Resources";
			outputFileListPaths = (
				"${PODS_ROOT}/Target Support Files/Pods-DonationApp/Pods-DonationApp-resources-${CONFIGURATION}-output-files.xcfilelist",
			);
			runOnlyForDeploymentPostprocessing = 0;
			shellPath = /bin/sh;
			shellScript = "\"${PODS_ROOT}/Target Support Files/Pods-DonationApp/Pods-DonationApp-resources.sh\"\n";
			showEnvVarsInLog = 0;
		};
/* End PBXShellScriptBuildPhase section */

/* Begin PBXSourcesBuildPhase section */
		13B07F871A680F5B00A75B9A /* Sources */ = {
			isa = PBXSourcesBuildPhase;
			buildActionMask = 2147483647;
			files = (
				761780ED2CA45674006654EE /* AppDelegate.swift in Sources */,
			);
			runOnlyForDeploymentPostprocessing = 0;
		};
/* End PBXSourcesBuildPhase section */

/* Begin XCBuildConfiguration section */
		13B07F941A680F5B00A75B9A /* Debug */ = {
			isa = XCBuildConfiguration;
			baseConfigurationReference = 3B4392A12AC88292D35C810B /* Pods-DonationApp.debug.xcconfig */;
			buildSettings = {
				ASSETCATALOG_COMPILER_APPICON_NAME = AppIcon;
				CLANG_ENABLE_MODULES = YES;
				CURRENT_PROJECT_VERSION = 1;
				ENABLE_BITCODE = NO;
				INFOPLIST_FILE = DonationApp/Info.plist;
				IPHONEOS_DEPLOYMENT_TARGET = 15.1;
				LD_RUNPATH_SEARCH_PATHS = (
					"$(inherited)",
					"@executable_path/Frameworks",
				);
				MARKETING_VERSION = 1.0;
				OTHER_LDFLAGS = (
					"$(inherited)",
					"-ObjC",
					"-lc++",
				);
				PRODUCT_BUNDLE_IDENTIFIER = "org.reactjs.native.example.$(PRODUCT_NAME:rfc1034identifier)";
				PRODUCT_NAME = DonationApp;
				SUPPORTED_PLATFORMS = "iphoneos iphonesimulator";
				SWIFT_OPTIMIZATION_LEVEL = "-Onone";
				SWIFT_VERSION = 5.0;
				TARGETED_DEVICE_FAMILY = "1,2";
				VERSIONING_SYSTEM = "apple-generic";
			};
			name = Debug;
		};
		13B07F951A680F5B00A75B9A /* Release */ = {
			isa = XCBuildConfiguration;
			baseConfigurationReference = 5709B34CF0A7D63546082F79 /* Pods-DonationApp.release.xcconfig */;
			buildSettings = {
				ASSETCATALOG_COMPILER_APPICON_NAME = AppIcon;
				CLANG_ENABLE_MODULES = YES;
				CURRENT_PROJECT_VERSION = 1;
				INFOPLIST_FILE = DonationApp/Info.plist;
				IPHONEOS_DEPLOYMENT_TARGET = 15.1;
				LD_RUNPATH_SEARCH_PATHS = (
					"$(inherited)",
					"@executable_path/Frameworks",
				);
				MARKETING_VERSION = 1.0;
				OTHER_LDFLAGS = (
					"$(inherited)",
					"-ObjC",
					"-lc++",
				);
				PRODUCT_BUNDLE_IDENTIFIER = "org.reactjs.native.example.$(PRODUCT_NAME:rfc1034identifier)";
				PRODUCT_NAME = DonationApp;
				SUPPORTED_PLATFORMS = "iphoneos iphonesimulator";
				SWIFT_VERSION = 5.0;
				TARGETED_DEVICE_FAMILY = "1,2";
				VERSIONING_SYSTEM = "apple-generic";
			};
			name = Release;
		};
		83CBBA201A601CBA00E9B192 /* Debug */ = {
			isa = XCBuildConfiguration;
			buildSettings = {
				ALWAYS_SEARCH_USER_PATHS = NO;
				CLANG_ANALYZER_LOCALIZABILITY_NONLOCALIZED = YES;
				CLANG_CXX_LANGUAGE_STANDARD = "c++20";
				CLANG_CXX_LIBRARY = "libc++";
				CLANG_ENABLE_MODULES = YES;
				CLANG_ENABLE_OBJC_ARC = YES;
				CLANG_WARN_BLOCK_CAPTURE_AUTORELEASING = YES;
				CLANG_WARN_BOOL_CONVERSION = YES;
				CLANG_WARN_COMMA = YES;
				CLANG_WARN_CONSTANT_CONVERSION = YES;
				CLANG_WARN_DEPRECATED_OBJC_IMPLEMENTATIONS = YES;
				CLANG_WARN_DIRECT_OBJC_ISA_USAGE = YES_ERROR;
				CLANG_WARN_EMPTY_BODY = YES;
				CLANG_WARN_ENUM_CONVERSION = YES;
				CLANG_WARN_INFINITE_RECURSION = YES;
				CLANG_WARN_INT_CONVERSION = YES;
				CLANG_WARN_NON_LITERAL_NULL_CONVERSION = YES;
				CLANG_WARN_OBJC_IMPLICIT_RETAIN_SELF = YES;
				CLANG_WARN_OBJC_LITERAL_CONVERSION = YES;
				CLANG_WARN_OBJC_ROOT_CLASS = YES_ERROR;
				CLANG_WARN_QUOTED_INCLUDE_IN_FRAMEWORK_HEADER = YES;
				CLANG_WARN_RANGE_LOOP_ANALYSIS = YES;
				CLANG_WARN_STRICT_PROTOTYPES = YES;
				CLANG_WARN_SUSPICIOUS_MOVE = YES;
				CLANG_WARN_UNREACHABLE_CODE = YES;
				CLANG_WARN__DUPLICATE_METHOD_MATCH = YES;
				"CODE_SIGN_IDENTITY[sdk=iphoneos*]" = "iPhone Developer";
				COPY_PHASE_STRIP = NO;
				ENABLE_STRICT_OBJC_MSGSEND = YES;
				ENABLE_TESTABILITY = YES;
				"EXCLUDED_ARCHS[sdk=iphonesimulator*]" = "";
				GCC_C_LANGUAGE_STANDARD = gnu99;
				GCC_DYNAMIC_NO_PIC = NO;
				GCC_NO_COMMON_BLOCKS = YES;
				GCC_OPTIMIZATION_LEVEL = 0;
				GCC_PREPROCESSOR_DEFINITIONS = (
					"DEBUG=1",
					"$(inherited)",
				);
				GCC_SYMBOLS_PRIVATE_EXTERN = NO;
				GCC_WARN_64_TO_32_BIT_CONVERSION = YES;
				GCC_WARN_ABOUT_RETURN_TYPE = YES_ERROR;
				GCC_WARN_UNDECLARED_SELECTOR = YES;
				GCC_WARN_UNINITIALIZED_AUTOS = YES_AGGRESSIVE;
				GCC_WARN_UNUSED_FUNCTION = YES;
				GCC_WARN_UNUSED_VARIABLE = YES;
				IPHONEOS_DEPLOYMENT_TARGET = 15.1;
				LD_RUNPATH_SEARCH_PATHS = (
					/usr/lib/swift,
					"$(inherited)",
				);
				LIBRARY_SEARCH_PATHS = (
					"\"$(SDKROOT)/usr/lib/swift\"",
					"\"$(TOOLCHAIN_DIR)/usr/lib/swift/$(PLATFORM_NAME)\"",
					"\"$(inherited)\"",
				);
				MTL_ENABLE_DEBUG_INFO = YES;
				ONLY_ACTIVE_ARCH = YES;
				OTHER_CFLAGS = (
					"$(inherited)",
					"-DRCT_REMOVE_LEGACY_ARCH=1",
				);
				OTHER_CPLUSPLUSFLAGS = (
					"$(OTHER_CFLAGS)",
					"-DFOLLY_NO_CONFIG",
					"-DFOLLY_MOBILE=1",
					"-DFOLLY_USE_LIBCPP=1",
					"-DFOLLY_CFG_NO_COROUTINES=1",
					"-DFOLLY_HAVE_CLOCK_GETTIME=1",
					"-DRCT_REMOVE_LEGACY_ARCH=1",
				);
				PODFILE_DIR = "$(SRCROOT)";
				REACT_NATIVE_PATH = "${PODS_ROOT}/../../node_modules/react-native";
				SDKROOT = iphoneos;
				SWIFT_ACTIVE_COMPILATION_CONDITIONS = "$(inherited) DEBUG";
				SWIFT_ENABLE_EXPLICIT_MODULES = NO;
				USE_HERMES = true;
			};
			name = Debug;
		};
		83CBBA211A601CBA00E9B192 /* Release */ = {
			isa = XCBuildConfiguration;
			buildSettings = {
				ALWAYS_SEARCH_USER_PATHS = NO;
				CLANG_ANALYZER_LOCALIZABILITY_NONLOCALIZED = YES;
				CLANG_CXX_LANGUAGE_STANDARD = "c++20";
				CLANG_CXX_LIBRARY = "libc++";
				CLANG_ENABLE_MODULES = YES;
				CLANG_ENABLE_OBJC_ARC = YES;
				CLANG_WARN_BLOCK_CAPTURE_AUTORELEASING = YES;
				CLANG_WARN_BOOL_CONVERSION = YES;
				CLANG_WARN_COMMA = YES;
				CLANG_WARN_CONSTANT_CONVERSION = YES;
				CLANG_WARN_DEPRECATED_OBJC_IMPLEMENTATIONS = YES;
				CLANG_WARN_DIRECT_OBJC_ISA_USAGE = YES_ERROR;
				CLANG_WARN_EMPTY_BODY = YES;
				CLANG_WARN_ENUM_CONVERSION = YES;
				CLANG_WARN_INFINITE_RECURSION = YES;
				CLANG_WARN_INT_CONVERSION = YES;
				CLANG_WARN_NON_LITERAL_NULL_CONVERSION = YES;
				CLANG_WARN_OBJC_IMPLICIT_RETAIN_SELF = YES;
				CLANG_WARN_OBJC_LITERAL_CONVERSION = YES;
				CLANG_WARN_OBJC_ROOT_CLASS = YES_ERROR;
				CLANG_WARN_QUOTED_INCLUDE_IN_FRAMEWORK_HEADER = YES;
				CLANG_WARN_RANGE_LOOP_ANALYSIS = YES;
				CLANG_WARN_STRICT_PROTOTYPES = YES;
				CLANG_WARN_SUSPICIOUS_MOVE = YES;
				CLANG_WARN_UNREACHABLE_CODE = YES;
				CLANG_WARN__DUPLICATE_METHOD_MATCH = YES;
				"CODE_SIGN_IDENTITY[sdk=iphoneos*]" = "iPhone Developer";
				COPY_PHASE_STRIP = YES;
				ENABLE_NS_ASSERTIONS = NO;
				ENABLE_STRICT_OBJC_MSGSEND = YES;
				"EXCLUDED_ARCHS[sdk=iphonesimulator*]" = "";
				GCC_C_LANGUAGE_STANDARD = gnu99;
				GCC_NO_COMMON_BLOCKS = YES;
				GCC_WARN_64_TO_32_BIT_CONVERSION = YES;
				GCC_WARN_ABOUT_RETURN_TYPE = YES_ERROR;
				GCC_WARN_UNDECLARED_SELECTOR = YES;
				GCC_WARN_UNINITIALIZED_AUTOS = YES_AGGRESSIVE;
				GCC_WARN_UNUSED_FUNCTION = YES;
				GCC_WARN_UNUSED_VARIABLE = YES;
				IPHONEOS_DEPLOYMENT_TARGET = 15.1;
				LD_RUNPATH_SEARCH_PATHS = (
					/usr/lib/swift,
					"$(inherited)",
				);
				LIBRARY_SEARCH_PATHS = (
					"\"$(SDKROOT)/usr/lib/swift\"",
					"\"$(TOOLCHAIN_DIR)/usr/lib/swift/$(PLATFORM_NAME)\"",
					"\"$(inherited)\"",
				);
				MTL_ENABLE_DEBUG_INFO = NO;
				OTHER_CFLAGS = (
					"$(inherited)",
					"-DRCT_REMOVE_LEGACY_ARCH=1",
				);
				OTHER_CPLUSPLUSFLAGS = (
					"$(OTHER_CFLAGS)",
					"-DFOLLY_NO_CONFIG",
					"-DFOLLY_MOBILE=1",
					"-DFOLLY_USE_LIBCPP=1",
					"-DFOLLY_CFG_NO_COROUTINES=1",
					"-DFOLLY_HAVE_CLOCK_GETTIME=1",
					"-DRCT_REMOVE_LEGACY_ARCH=1",
				);
				PODFILE_DIR = "$(SRCROOT)";
				REACT_NATIVE_PATH = "${PODS_ROOT}/../../node_modules/react-native";
				SDKROOT = iphoneos;
				SWIFT_ENABLE_EXPLICIT_MODULES = NO;
				USE_HERMES = true;
				VALIDATE_PRODUCT = YES;
			};
			name = Release;
		};
/* End XCBuildConfiguration section */

/* Begin XCConfigurationList section */
		13B07F931A680F5B00A75B9A /* Build configuration list for PBXNativeTarget "DonationApp" */ = {
			isa = XCConfigurationList;
			buildConfigurations = (
				13B07F941A680F5B00A75B9A /* Debug */,
				13B07F951A680F5B00A75B9A /* Release */,
			);
			defaultConfigurationIsVisible = 0;
			defaultConfigurationName = Release;
		};
		83CBB9FA1A601CBA00E9B192 /* Build configuration list for PBXProject "DonationApp" */ = {
			isa = XCConfigurationList;
			buildConfigurations = (
				83CBBA201A601CBA00E9B192 /* Debug */,
				83CBBA211A601CBA00E9B192 /* Release */,
			);
			defaultConfigurationIsVisible = 0;
			defaultConfigurationName = Release;
		};
/* End XCConfigurationList section */
	};
	rootObject = 83CBB9F71A601CBA00E9B192 /* Project object */;
}
